
Microsoft Visual Studio Solution File, Format Version 12.00
# Visual Studio 15
VisualStudioVersion = 15.0.28307.902
MinimumVisualStudioVersion = 10.0.40219.1
Project("{FAE04EC0-301F-11D3-BF4B-00C04F79EFBC}") = "BusinessApp.Android", "BusinessApp\BusinessApp.Android\BusinessApp.Android.csproj", "{2828CDC7-1472-47E4-906C-582D96D01E45}"
EndProject
Project("{FAE04EC0-301F-11D3-BF4B-00C04F79EFBC}") = "BusinessApp.iOS", "BusinessApp\BusinessApp.iOS\BusinessApp.iOS.csproj", "{0837B456-CFC0-49B2-8160-02E74159D057}"
EndProject
Project("{FAE04EC0-301F-11D3-BF4B-00C04F79EFBC}") = "BusinessApp", "BusinessApp\BusinessApp\BusinessApp.csproj", "{EDC4FA97-4318-4F65-A01F-FA255E79AAF7}"
EndProject
Global
	GlobalSection(SolutionConfigurationPlatforms) = preSolution
		Ad-Hoc|Any CPU = Ad-Hoc|Any CPU
		Ad-Hoc|iPhone = Ad-Hoc|iPhone
		Ad-Hoc|iPhoneSimulator = Ad-Hoc|iPhoneSimulator
		AppStore|Any CPU = AppStore|Any CPU
		AppStore|iPhone = AppStore|iPhone
		AppStore|iPhoneSimulator = AppStore|iPhoneSimulator
		Debug|Any CPU = Debug|Any CPU
		Debug|iPhone = Debug|iPhone
		Debug|iPhoneSimulator = Debug|iPhoneSimulator
		Release|Any CPU = Release|Any CPU
		Release|iPhone = Release|iPhone
		Release|iPhoneSimulator = Release|iPhoneSimulator
	EndGlobalSection
	GlobalSection(ProjectConfigurationPlatforms) = postSolution
		{2828CDC7-1472-47E4-906C-582D96D01E45}.Ad-Hoc|Any CPU.ActiveCfg = Release|Any CPU
		{2828CDC7-1472-47E4-906C-582D96D01E45}.Ad-Hoc|Any CPU.Build.0 = Release|Any CPU
		{2828CDC7-1472-47E4-906C-582D96D01E45}.Ad-Hoc|Any CPU.Deploy.0 = Release|Any CPU
		{2828CDC7-1472-47E4-906C-582D96D01E45}.Ad-Hoc|iPhone.ActiveCfg = Release|Any CPU
		{2828CDC7-1472-47E4-906C-582D96D01E45}.Ad-Hoc|iPhone.Build.0 = Release|Any CPU
		{2828CDC7-1472-47E4-906C-582D96D01E45}.Ad-Hoc|iPhone.Deploy.0 = Release|Any CPU
		{2828CDC7-1472-47E4-906C-582D96D01E45}.Ad-Hoc|iPhoneSimulator.ActiveCfg = Release|Any CPU
		{2828CDC7-1472-47E4-906C-582D96D01E45}.Ad-Hoc|iPhoneSimulator.Build.0 = Release|Any CPU
		{2828CDC7-1472-47E4-906C-582D96D01E45}.Ad-Hoc|iPhoneSimulator.Deploy.0 = Release|Any CPU
		{2828CDC7-1472-47E4-906C-582D96D01E45}.AppStore|Any CPU.ActiveCfg = Release|Any CPU
		{2828CDC7-1472-47E4-906C-582D96D01E45}.AppStore|Any CPU.Build.0 = Release|Any CPU
		{2828CDC7-1472-47E4-906C-582D96D01E45}.AppStore|Any CPU.Deploy.0 = Release|Any CPU
		{2828CDC7-1472-47E4-906C-582D96D01E45}.AppStore|iPhone.ActiveCfg = Release|Any CPU
		{2828CDC7-1472-47E4-906C-582D96D01E45}.AppStore|iPhone.Build.0 = Release|Any CPU
		{2828CDC7-1472-47E4-906C-582D96D01E45}.AppStore|iPhone.Deploy.0 = Release|Any CPU
		{2828CDC7-1472-47E4-906C-582D96D01E45}.AppStore|iPhoneSimulator.ActiveCfg = Release|Any CPU
		{2828CDC7-1472-47E4-906C-582D96D01E45}.AppStore|iPhoneSimulator.Build.0 = Release|Any CPU
		{2828CDC7-1472-47E4-906C-582D96D01E45}.AppStore|iPhoneSimulator.Deploy.0 = Release|Any CPU
		{2828CDC7-1472-47E4-906C-582D96D01E45}.Debug|Any CPU.ActiveCfg = Debug|Any CPU
		{2828CDC7-1472-47E4-906C-582D96D01E45}.Debug|Any CPU.Build.0 = Debug|Any CPU
		{2828CDC7-1472-47E4-906C-582D96D01E45}.Debug|Any CPU.Deploy.0 = Debug|Any CPU
		{2828CDC7-1472-47E4-906C-582D96D01E45}.Debug|iPhone.ActiveCfg = Debug|Any CPU
		{2828CDC7-1472-47E4-906C-582D96D01E45}.Debug|iPhone.Build.0 = Debug|Any CPU
		{2828CDC7-1472-47E4-906C-582D96D01E45}.Debug|iPhone.Deploy.0 = Debug|Any CPU
		{2828CDC7-1472-47E4-906C-582D96D01E45}.Debug|iPhoneSimulator.ActiveCfg = Debug|Any CPU
		{2828CDC7-1472-47E4-906C-582D96D01E45}.Debug|iPhoneSimulator.Build.0 = Debug|Any CPU
		{2828CDC7-1472-47E4-906C-582D96D01E45}.Debug|iPhoneSimulator.Deploy.0 = Debug|Any CPU
		{2828CDC7-1472-47E4-906C-582D96D01E45}.Release|Any CPU.ActiveCfg = Release|Any CPU
		{2828CDC7-1472-47E4-906C-582D96D01E45}.Release|Any CPU.Build.0 = Release|Any CPU
		{2828CDC7-1472-47E4-906C-582D96D01E45}.Release|Any CPU.Deploy.0 = Release|Any CPU
		{2828CDC7-1472-47E4-906C-582D96D01E45}.Release|iPhone.ActiveCfg = Release|Any CPU
		{2828CDC7-1472-47E4-906C-582D96D01E45}.Release|iPhone.Build.0 = Release|Any CPU
		{2828CDC7-1472-47E4-906C-582D96D01E45}.Release|iPhone.Deploy.0 = Release|Any CPU
		{2828CDC7-1472-47E4-906C-582D96D01E45}.Release|iPhoneSimulator.ActiveCfg = Release|Any CPU
		{2828CDC7-1472-47E4-906C-582D96D01E45}.Release|iPhoneSimulator.Build.0 = Release|Any CPU
		{2828CDC7-1472-47E4-906C-582D96D01E45}.Release|iPhoneSimulator.Deploy.0 = Release|Any CPU
		{0837B456-CFC0-49B2-8160-02E74159D057}.Ad-Hoc|Any CPU.ActiveCfg = Ad-Hoc|iPhone
		{0837B456-CFC0-49B2-8160-02E74159D057}.Ad-Hoc|Any CPU.Build.0 = Ad-Hoc|iPhone
		{0837B456-CFC0-49B2-8160-02E74159D057}.Ad-Hoc|Any CPU.Deploy.0 = Ad-Hoc|iPhone
		{0837B456-CFC0-49B2-8160-02E74159D057}.Ad-Hoc|iPhone.ActiveCfg = Ad-Hoc|iPhone
		{0837B456-CFC0-49B2-8160-02E74159D057}.Ad-Hoc|iPhone.Build.0 = Ad-Hoc|iPhone
		{0837B456-CFC0-49B2-8160-02E74159D057}.Ad-Hoc|iPhone.Deploy.0 = Ad-Hoc|iPhone
		{0837B456-CFC0-49B2-8160-02E74159D057}.Ad-Hoc|iPhoneSimulator.ActiveCfg = Ad-Hoc|iPhoneSimulator
		{0837B456-CFC0-49B2-8160-02E74159D057}.Ad-Hoc|iPhoneSimulator.Build.0 = Ad-Hoc|iPhoneSimulator
		{0837B456-CFC0-49B2-8160-02E74159D057}.Ad-Hoc|iPhoneSimulator.Deploy.0 = Ad-Hoc|iPhoneSimulator
		{0837B456-CFC0-49B2-8160-02E74159D057}.AppStore|Any CPU.ActiveCfg = AppStore|iPhone
		{0837B456-CFC0-49B2-8160-02E74159D057}.AppStore|Any CPU.Build.0 = AppStore|iPhone
		{0837B456-CFC0-49B2-8160-02E74159D057}.AppStore|Any CPU.Deploy.0 = AppStore|iPhone
		{0837B456-CFC0-49B2-8160-02E74159D057}.AppStore|iPhone.ActiveCfg = AppStore|iPhone
		{0837B456-CFC0-49B2-8160-02E74159D057}.AppStore|iPhone.Build.0 = AppStore|iPhone
		{0837B456-CFC0-49B2-8160-02E74159D057}.AppStore|iPhone.Deploy.0 = AppStore|iPhone
		{0837B456-CFC0-49B2-8160-02E74159D057}.AppStore|iPhoneSimulator.ActiveCfg = AppStore|iPhoneSimulator
		{0837B456-CFC0-49B2-8160-02E74159D057}.AppStore|iPhoneSimulator.Build.0 = AppStore|iPhoneSimulator
		{0837B456-CFC0-49B2-8160-02E74159D057}.AppStore|iPhoneSimulator.Deploy.0 = AppStore|iPhoneSimulator
		{0837B456-CFC0-49B2-8160-02E74159D057}.Debug|Any CPU.ActiveCfg = Debug|iPhoneSimulator
		{0837B456-CFC0-49B2-8160-02E74159D057}.Debug|Any CPU.Build.0 = Debug|iPhoneSimulator
		{0837B456-CFC0-49B2-8160-02E74159D057}.Debug|Any CPU.Deploy.0 = Debug|iPhoneSimulator
		{0837B456-CFC0-49B2-8160-02E74159D057}.Debug|iPhone.ActiveCfg = Debug|iPhone
		{0837B456-CFC0-49B2-8160-02E74159D057}.Debug|iPhone.Build.0 = Debug|iPhone
		{0837B456-CFC0-49B2-8160-02E74159D057}.Debug|iPhone.Deploy.0 = Debug|iPhone
		{0837B456-CFC0-49B2-8160-02E74159D057}.Debug|iPhoneSimulator.ActiveCfg = Debug|iPhoneSimulator
		{0837B456-CFC0-49B2-8160-02E74159D057}.Debug|iPhoneSimulator.Build.0 = Debug|iPhoneSimulator
		{0837B456-CFC0-49B2-8160-02E74159D057}.Debug|iPhoneSimulator.Deploy.0 = Debug|iPhoneSimulator
		{0837B456-CFC0-49B2-8160-02E74159D057}.Release|Any CPU.ActiveCfg = Release|iPhone
		{0837B456-CFC0-49B2-8160-02E74159D057}.Release|Any CPU.Build.0 = Release|iPhone
		{0837B456-CFC0-49B2-8160-02E74159D057}.Release|Any CPU.Deploy.0 = Release|iPhone
		{0837B456-CFC0-49B2-8160-02E74159D057}.Release|iPhone.ActiveCfg = Release|iPhone
		{0837B456-CFC0-49B2-8160-02E74159D057}.Release|iPhone.Build.0 = Release|iPhone
		{0837B456-CFC0-49B2-8160-02E74159D057}.Release|iPhone.Deploy.0 = Release|iPhone
		{0837B456-CFC0-49B2-8160-02E74159D057}.Release|iPhoneSimulator.ActiveCfg = Release|iPhoneSimulator
		{0837B456-CFC0-49B2-8160-02E74159D057}.Release|iPhoneSimulator.Build.0 = Release|iPhoneSimulator
		{0837B456-CFC0-49B2-8160-02E74159D057}.Release|iPhoneSimulator.Deploy.0 = Release|iPhoneSimulator
		{EDC4FA97-4318-4F65-A01F-FA255E79AAF7}.Ad-Hoc|Any CPU.ActiveCfg = Debug|Any CPU
		{EDC4FA97-4318-4F65-A01F-FA255E79AAF7}.Ad-Hoc|Any CPU.Build.0 = Debug|Any CPU
		{EDC4FA97-4318-4F65-A01F-FA255E79AAF7}.Ad-Hoc|Any CPU.Deploy.0 = Debug|Any CPU
		{EDC4FA97-4318-4F65-A01F-FA255E79AAF7}.Ad-Hoc|iPhone.ActiveCfg = Debug|Any CPU
		{EDC4FA97-4318-4F65-A01F-FA255E79AAF7}.Ad-Hoc|iPhone.Build.0 = Debug|Any CPU
		{EDC4FA97-4318-4F65-A01F-FA255E79AAF7}.Ad-Hoc|iPhone.Deploy.0 = Debug|Any CPU
		{EDC4FA97-4318-4F65-A01F-FA255E79AAF7}.Ad-Hoc|iPhoneSimulator.ActiveCfg = Debug|Any CPU
		{EDC4FA97-4318-4F65-A01F-FA255E79AAF7}.Ad-Hoc|iPhoneSimulator.Build.0 = Debug|Any CPU
		{EDC4FA97-4318-4F65-A01F-FA255E79AAF7}.Ad-Hoc|iPhoneSimulator.Deploy.0 = Debug|Any CPU
		{EDC4FA97-4318-4F65-A01F-FA255E79AAF7}.AppStore|Any CPU.ActiveCfg = Debug|Any CPU
		{EDC4FA97-4318-4F65-A01F-FA255E79AAF7}.AppStore|Any CPU.Build.0 = Debug|Any CPU
		{EDC4FA97-4318-4F65-A01F-FA255E79AAF7}.AppStore|Any CPU.Deploy.0 = Debug|Any CPU
		{EDC4FA97-4318-4F65-A01F-FA255E79AAF7}.AppStore|iPhone.ActiveCfg = Debug|Any CPU
		{EDC4FA97-4318-4F65-A01F-FA255E79AAF7}.AppStore|iPhone.Build.0 = Debug|Any CPU
		{EDC4FA97-4318-4F65-A01F-FA255E79AAF7}.AppStore|iPhone.Deploy.0 = Debug|Any CPU
		{EDC4FA97-4318-4F65-A01F-FA255E79AAF7}.AppStore|iPhoneSimulator.ActiveCfg = Debug|Any CPU
		{EDC4FA97-4318-4F65-A01F-FA255E79AAF7}.AppStore|iPhoneSimulator.Build.0 = Debug|Any CPU
		{EDC4FA97-4318-4F65-A01F-FA255E79AAF7}.AppStore|iPhoneSimulator.Deploy.0 = Debug|Any CPU
		{EDC4FA97-4318-4F65-A01F-FA255E79AAF7}.Debug|Any CPU.ActiveCfg = Debug|Any CPU
		{EDC4FA97-4318-4F65-A01F-FA255E79AAF7}.Debug|Any CPU.Build.0 = Debug|Any CPU
		{EDC4FA97-4318-4F65-A01F-FA255E79AAF7}.Debug|Any CPU.Deploy.0 = Debug|Any CPU
		{EDC4FA97-4318-4F65-A01F-FA255E79AAF7}.Debug|iPhone.ActiveCfg = Debug|Any CPU
		{EDC4FA97-4318-4F65-A01F-FA255E79AAF7}.Debug|iPhone.Build.0 = Debug|Any CPU
		{EDC4FA97-4318-4F65-A01F-FA255E79AAF7}.Debug|iPhone.Deploy.0 = Debug|Any CPU
		{EDC4FA97-4318-4F65-A01F-FA255E79AAF7}.Debug|iPhoneSimulator.ActiveCfg = Debug|Any CPU
		{EDC4FA97-4318-4F65-A01F-FA255E79AAF7}.Debug|iPhoneSimulator.Build.0 = Debug|Any CPU
		{EDC4FA97-4318-4F65-A01F-FA255E79AAF7}.Debug|iPhoneSimulator.Deploy.0 = Debug|Any CPU
		{EDC4FA97-4318-4F65-A01F-FA255E79AAF7}.Release|Any CPU.ActiveCfg = Release|Any CPU
		{EDC4FA97-4318-4F65-A01F-FA255E79AAF7}.Release|Any CPU.Build.0 = Release|Any CPU
		{EDC4FA97-4318-4F65-A01F-FA255E79AAF7}.Release|Any CPU.Deploy.0 = Release|Any CPU
		{EDC4FA97-4318-4F65-A01F-FA255E79AAF7}.Release|iPhone.ActiveCfg = Release|Any CPU
		{EDC4FA97-4318-4F65-A01F-FA255E79AAF7}.Release|iPhone.Build.0 = Release|Any CPU
		{EDC4FA97-4318-4F65-A01F-FA255E79AAF7}.Release|iPhone.Deploy.0 = Release|Any CPU
		{EDC4FA97-4318-4F65-A01F-FA255E79AAF7}.Release|iPhoneSimulator.ActiveCfg = Release|Any CPU
		{EDC4FA97-4318-4F65-A01F-FA255E79AAF7}.Release|iPhoneSimulator.Build.0 = Release|Any CPU
		{EDC4FA97-4318-4F65-A01F-FA255E79AAF7}.Release|iPhoneSimulator.Deploy.0 = Release|Any CPU
	EndGlobalSection
	GlobalSection(SolutionProperties) = preSolution
		HideSolutionNode = FALSE
	EndGlobalSection
	GlobalSection(ExtensibilityGlobals) = postSolution
		SolutionGuid = {673FABE7-A281-4273-9DDB-011C9B706DD8}
	EndGlobalSection
EndGlobal
